
Microsoft Visual Studio Solution File, Format Version 12.00
# Visual Studio Version 16
VisualStudioVersion = 16.0.32106.194
MinimumVisualStudioVersion = 10.0.40219.1
Project("{FAE04EC0-301F-11D3-BF4B-00C04F79EFBC}") = "FE.W", "FE.W\FE.W.csproj", "{0DB9C8CA-B665-4744-867A-43AD8B342536}"
EndProject
Global
	GlobalSection(SolutionConfigurationPlatforms) = preSolution
		Debug|Any CPU = Debug|Any CPU
		Release|Any CPU = Release|Any CPU
	EndGlobalSection
	GlobalSection(ProjectConfigurationPlatforms) = postSolution
		{0DB9C8CA-B665-4744-867A-43AD8B342536}.Debug|Any CPU.ActiveCfg = Debug|Any CPU
		{0DB9C8CA-B665-4744-867A-43AD8B342536}.Debug|Any CPU.Build.0 = Debug|Any CPU
		{0DB9C8CA-B665-4744-867A-43AD8B342536}.Release|Any CPU.ActiveCfg = Release|Any CPU
		{0DB9C8CA-B665-4744-867A-43AD8B342536}.Release|Any CPU.Build.0 = Release|Any CPU
	EndGlobalSection
	GlobalSection(SolutionProperties) = preSolution
		HideSolutionNode = FALSE
	EndGlobalSection
	GlobalSection(ExtensibilityGlobals) = postSolution
		SolutionGuid = {52CD31DB-3694-4B18-8069-BB3D9A3E2288}
	EndGlobalSection
EndGlobal
