
Microsoft Visual Studio Solution File, Format Version 12.00
# Visual Studio Version 16
VisualStudioVersion = 16.0.32106.194
MinimumVisualStudioVersion = 10.0.40219.1
Project("{9A19103F-16F7-4668-BE54-9A1E7A4F7556}") = "API", "API\API.csproj", "{4D9E762F-2967-4513-8431-09CBFCFBEC3A}"
EndProject
Project("{FAE04EC0-301F-11D3-BF4B-00C04F79EFBC}") = "BE.BS", "BE.BS\BE.BS.csproj", "{7EF35D89-3552-4C6F-8E94-F8339DCC3EEC}"
	ProjectSection(ProjectDependencies) = postProject
		{88543B4E-491D-448B-B27D-D79475E348DE} = {88543B4E-491D-448B-B27D-D79475E348DE}
		{664454ED-E729-49FC-80D0-13B1C360449F} = {664454ED-E729-49FC-80D0-13B1C360449F}
	EndProjectSection
EndProject
Project("{FAE04EC0-301F-11D3-BF4B-00C04F79EFBC}") = "BE.DAL", "BE.DAL\BE.DAL.csproj", "{88543B4E-491D-448B-B27D-D79475E348DE}"
	ProjectSection(ProjectDependencies) = postProject
		{9945B492-E9C9-4260-80BD-C179ED2C113F} = {9945B492-E9C9-4260-80BD-C179ED2C113F}
		{664454ED-E729-49FC-80D0-13B1C360449F} = {664454ED-E729-49FC-80D0-13B1C360449F}
	EndProjectSection
EndProject
Project("{FAE04EC0-301F-11D3-BF4B-00C04F79EFBC}") = "BE.DAL.DO", "BE.DAL.DO\BE.DAL.DO.csproj", "{664454ED-E729-49FC-80D0-13B1C360449F}"
EndProject
Project("{FAE04EC0-301F-11D3-BF4B-00C04F79EFBC}") = "BE.DAL.EF", "BE.DAL.EF\BE.DAL.EF.csproj", "{A4C56618-5D7F-4FBA-A2F0-ACE8CC1FE5C5}"
	ProjectSection(ProjectDependencies) = postProject
		{664454ED-E729-49FC-80D0-13B1C360449F} = {664454ED-E729-49FC-80D0-13B1C360449F}
	EndProjectSection
EndProject
Project("{FAE04EC0-301F-11D3-BF4B-00C04F79EFBC}") = "BE.DAL.Repository", "BE.DAL.Repository\BE.DAL.Repository.csproj", "{9945B492-E9C9-4260-80BD-C179ED2C113F}"
	ProjectSection(ProjectDependencies) = postProject
		{A4C56618-5D7F-4FBA-A2F0-ACE8CC1FE5C5} = {A4C56618-5D7F-4FBA-A2F0-ACE8CC1FE5C5}
	EndProjectSection
EndProject
Project("{FAE04EC0-301F-11D3-BF4B-00C04F79EFBC}") = "BE.API", "BE.API\BE.API.csproj", "{F2E48ECD-5E53-4DA4-963A-1ECE2D7F9FA0}"
EndProject
Global
	GlobalSection(SolutionConfigurationPlatforms) = preSolution
		Debug|Any CPU = Debug|Any CPU
		Release|Any CPU = Release|Any CPU
	EndGlobalSection
	GlobalSection(ProjectConfigurationPlatforms) = postSolution
		{4D9E762F-2967-4513-8431-09CBFCFBEC3A}.Debug|Any CPU.ActiveCfg = Debug|Any CPU
		{4D9E762F-2967-4513-8431-09CBFCFBEC3A}.Debug|Any CPU.Build.0 = Debug|Any CPU
		{4D9E762F-2967-4513-8431-09CBFCFBEC3A}.Release|Any CPU.ActiveCfg = Release|Any CPU
		{4D9E762F-2967-4513-8431-09CBFCFBEC3A}.Release|Any CPU.Build.0 = Release|Any CPU
		{7EF35D89-3552-4C6F-8E94-F8339DCC3EEC}.Debug|Any CPU.ActiveCfg = Debug|Any CPU
		{7EF35D89-3552-4C6F-8E94-F8339DCC3EEC}.Debug|Any CPU.Build.0 = Debug|Any CPU
		{7EF35D89-3552-4C6F-8E94-F8339DCC3EEC}.Release|Any CPU.ActiveCfg = Release|Any CPU
		{7EF35D89-3552-4C6F-8E94-F8339DCC3EEC}.Release|Any CPU.Build.0 = Release|Any CPU
		{88543B4E-491D-448B-B27D-D79475E348DE}.Debug|Any CPU.ActiveCfg = Debug|Any CPU
		{88543B4E-491D-448B-B27D-D79475E348DE}.Debug|Any CPU.Build.0 = Debug|Any CPU
		{88543B4E-491D-448B-B27D-D79475E348DE}.Release|Any CPU.ActiveCfg = Release|Any CPU
		{88543B4E-491D-448B-B27D-D79475E348DE}.Release|Any CPU.Build.0 = Release|Any CPU
		{664454ED-E729-49FC-80D0-13B1C360449F}.Debug|Any CPU.ActiveCfg = Debug|Any CPU
		{664454ED-E729-49FC-80D0-13B1C360449F}.Debug|Any CPU.Build.0 = Debug|Any CPU
		{664454ED-E729-49FC-80D0-13B1C360449F}.Release|Any CPU.ActiveCfg = Release|Any CPU
		{664454ED-E729-49FC-80D0-13B1C360449F}.Release|Any CPU.Build.0 = Release|Any CPU
		{A4C56618-5D7F-4FBA-A2F0-ACE8CC1FE5C5}.Debug|Any CPU.ActiveCfg = Debug|Any CPU
		{A4C56618-5D7F-4FBA-A2F0-ACE8CC1FE5C5}.Debug|Any CPU.Build.0 = Debug|Any CPU
		{A4C56618-5D7F-4FBA-A2F0-ACE8CC1FE5C5}.Release|Any CPU.ActiveCfg = Release|Any CPU
		{A4C56618-5D7F-4FBA-A2F0-ACE8CC1FE5C5}.Release|Any CPU.Build.0 = Release|Any CPU
		{9945B492-E9C9-4260-80BD-C179ED2C113F}.Debug|Any CPU.ActiveCfg = Debug|Any CPU
		{9945B492-E9C9-4260-80BD-C179ED2C113F}.Debug|Any CPU.Build.0 = Debug|Any CPU
		{9945B492-E9C9-4260-80BD-C179ED2C113F}.Release|Any CPU.ActiveCfg = Release|Any CPU
		{9945B492-E9C9-4260-80BD-C179ED2C113F}.Release|Any CPU.Build.0 = Release|Any CPU
		{F2E48ECD-5E53-4DA4-963A-1ECE2D7F9FA0}.Debug|Any CPU.ActiveCfg = Debug|Any CPU
		{F2E48ECD-5E53-4DA4-963A-1ECE2D7F9FA0}.Debug|Any CPU.Build.0 = Debug|Any CPU
		{F2E48ECD-5E53-4DA4-963A-1ECE2D7F9FA0}.Release|Any CPU.ActiveCfg = Release|Any CPU
		{F2E48ECD-5E53-4DA4-963A-1ECE2D7F9FA0}.Release|Any CPU.Build.0 = Release|Any CPU
	EndGlobalSection
	GlobalSection(SolutionProperties) = preSolution
		HideSolutionNode = FALSE
	EndGlobalSection
	GlobalSection(ExtensibilityGlobals) = postSolution
		SolutionGuid = {E13B757B-A117-472F-8E5C-9B799DB691D4}
	EndGlobalSection
EndGlobal
