
Microsoft Visual Studio Solution File, Format Version 12.00
# Visual Studio Version 16
VisualStudioVersion = 16.0.32106.194
MinimumVisualStudioVersion = 10.0.40219.1
Project("{FAE04EC0-301F-11D3-BF4B-00C04F79EFBC}") = "FE.W", "FE.W\FE.W.csproj", "{2F5B053A-4DDF-4BF4-9AAB-1AE135EABF8D}"
EndProject
Project("{FAE04EC0-301F-11D3-BF4B-00C04F79EFBC}") = "FE", "FE\FE.csproj", "{82707CB6-1601-4C76-974F-211BD7F63C8D}"
EndProject
Global
	GlobalSection(SolutionConfigurationPlatforms) = preSolution
		Debug|Any CPU = Debug|Any CPU
		Release|Any CPU = Release|Any CPU
	EndGlobalSection
	GlobalSection(ProjectConfigurationPlatforms) = postSolution
		{2F5B053A-4DDF-4BF4-9AAB-1AE135EABF8D}.Debug|Any CPU.ActiveCfg = Debug|Any CPU
		{2F5B053A-4DDF-4BF4-9AAB-1AE135EABF8D}.Debug|Any CPU.Build.0 = Debug|Any CPU
		{2F5B053A-4DDF-4BF4-9AAB-1AE135EABF8D}.Release|Any CPU.ActiveCfg = Release|Any CPU
		{2F5B053A-4DDF-4BF4-9AAB-1AE135EABF8D}.Release|Any CPU.Build.0 = Release|Any CPU
		{82707CB6-1601-4C76-974F-211BD7F63C8D}.Debug|Any CPU.ActiveCfg = Debug|Any CPU
		{82707CB6-1601-4C76-974F-211BD7F63C8D}.Debug|Any CPU.Build.0 = Debug|Any CPU
		{82707CB6-1601-4C76-974F-211BD7F63C8D}.Release|Any CPU.ActiveCfg = Release|Any CPU
		{82707CB6-1601-4C76-974F-211BD7F63C8D}.Release|Any CPU.Build.0 = Release|Any CPU
	EndGlobalSection
	GlobalSection(SolutionProperties) = preSolution
		HideSolutionNode = FALSE
	EndGlobalSection
	GlobalSection(ExtensibilityGlobals) = postSolution
		SolutionGuid = {4ADC722C-4249-4C0A-8605-AA870A467B4A}
	EndGlobalSection
EndGlobal
